
Microsoft Visual Studio Solution File, Format Version 12.00
# Visual Studio Version 17
VisualStudioVersion = 17.5.33530.505
MinimumVisualStudioVersion = 10.0.40219.1
Project("{FAE04EC0-301F-11D3-BF4B-00C04F79EFBC}") = "pw1module8", "pw1module8\pw1module8.csproj", "{5F4E4BB1-1F6E-4CC8-9040-9BE6395FE65B}"
EndProject
Project("{FAE04EC0-301F-11D3-BF4B-00C04F79EFBC}") = "pw2module8", "pw2module8\pw2module8.csproj", "{7821FE2E-CC93-4E19-A410-85E7C128B5D4}"
EndProject
Project("{FAE04EC0-301F-11D3-BF4B-00C04F79EFBC}") = "pw3module8", "pw3module8\pw3module8.csproj", "{E1F53717-6E65-4ABC-BA64-87C2A04CD9E4}"
EndProject
Global
	GlobalSection(SolutionConfigurationPlatforms) = preSolution
		Debug|Any CPU = Debug|Any CPU
		Release|Any CPU = Release|Any CPU
	EndGlobalSection
	GlobalSection(ProjectConfigurationPlatforms) = postSolution
		{5F4E4BB1-1F6E-4CC8-9040-9BE6395FE65B}.Debug|Any CPU.ActiveCfg = Debug|Any CPU
		{5F4E4BB1-1F6E-4CC8-9040-9BE6395FE65B}.Debug|Any CPU.Build.0 = Debug|Any CPU
		{5F4E4BB1-1F6E-4CC8-9040-9BE6395FE65B}.Release|Any CPU.ActiveCfg = Release|Any CPU
		{5F4E4BB1-1F6E-4CC8-9040-9BE6395FE65B}.Release|Any CPU.Build.0 = Release|Any CPU
		{7821FE2E-CC93-4E19-A410-85E7C128B5D4}.Debug|Any CPU.ActiveCfg = Debug|Any CPU
		{7821FE2E-CC93-4E19-A410-85E7C128B5D4}.Debug|Any CPU.Build.0 = Debug|Any CPU
		{7821FE2E-CC93-4E19-A410-85E7C128B5D4}.Release|Any CPU.ActiveCfg = Release|Any CPU
		{7821FE2E-CC93-4E19-A410-85E7C128B5D4}.Release|Any CPU.Build.0 = Release|Any CPU
		{E1F53717-6E65-4ABC-BA64-87C2A04CD9E4}.Debug|Any CPU.ActiveCfg = Debug|Any CPU
		{E1F53717-6E65-4ABC-BA64-87C2A04CD9E4}.Debug|Any CPU.Build.0 = Debug|Any CPU
		{E1F53717-6E65-4ABC-BA64-87C2A04CD9E4}.Release|Any CPU.ActiveCfg = Release|Any CPU
		{E1F53717-6E65-4ABC-BA64-87C2A04CD9E4}.Release|Any CPU.Build.0 = Release|Any CPU
	EndGlobalSection
	GlobalSection(SolutionProperties) = preSolution
		HideSolutionNode = FALSE
	EndGlobalSection
	GlobalSection(ExtensibilityGlobals) = postSolution
		SolutionGuid = {70FEC2AD-44B6-419E-91E6-BE1CFADD428C}
	EndGlobalSection
EndGlobal
